
Microsoft Visual Studio Solution File, Format Version 12.00
# Visual Studio 15
VisualStudioVersion = 15.0.27428.2043
MinimumVisualStudioVersion = 10.0.40219.1
Project("{FAE04EC0-301F-11D3-BF4B-00C04F79EFBC}") = "ex_aula56_projeto_teste", "ex_aula56_projeto_teste\ex_aula56_projeto_teste.csproj", "{A935266B-FE7B-491F-BD1B-3AE28586D51D}"
EndProject
Global
	GlobalSection(SolutionConfigurationPlatforms) = preSolution
		Debug|Any CPU = Debug|Any CPU
		Release|Any CPU = Release|Any CPU
	EndGlobalSection
	GlobalSection(ProjectConfigurationPlatforms) = postSolution
		{A935266B-FE7B-491F-BD1B-3AE28586D51D}.Debug|Any CPU.ActiveCfg = Debug|Any CPU
		{A935266B-FE7B-491F-BD1B-3AE28586D51D}.Debug|Any CPU.Build.0 = Debug|Any CPU
		{A935266B-FE7B-491F-BD1B-3AE28586D51D}.Release|Any CPU.ActiveCfg = Release|Any CPU
		{A935266B-FE7B-491F-BD1B-3AE28586D51D}.Release|Any CPU.Build.0 = Release|Any CPU
	EndGlobalSection
	GlobalSection(SolutionProperties) = preSolution
		HideSolutionNode = FALSE
	EndGlobalSection
	GlobalSection(ExtensibilityGlobals) = postSolution
		SolutionGuid = {F923A572-9A61-4CDE-8E3A-FD60B401572C}
	EndGlobalSection
EndGlobal
